
Microsoft Visual Studio Solution File, Format Version 12.00
# Visual Studio Version 16
VisualStudioVersion = 16.0.30907.101
MinimumVisualStudioVersion = 10.0.40219.1
Project("{2150E333-8FDC-42A3-9474-1A3956D46DE8}") = "Services", "Services", "{F3B6F20C-3D95-4A6C-AAA9-5D3061C24D47}"
EndProject
Project("{2150E333-8FDC-42A3-9474-1A3956D46DE8}") = "Catalog", "Catalog", "{1BEC2DE8-FA90-448A-A18D-D1D31F118104}"
EndProject
Project("{9A19103F-16F7-4668-BE54-9A1E7A4F7556}") = "Catalog.API", "Services\Catalog\Catalog.API\Catalog.API.csproj", "{5E615378-61B8-4215-8D65-E455FE0C6882}"
EndProject
Project("{E53339B2-1760-4266-BCC7-CA923CBCF16C}") = "docker-compose", "docker-compose.dcproj", "{AE25BD7F-F179-476E-A6C5-076BF469703B}"
EndProject
Project("{2150E333-8FDC-42A3-9474-1A3956D46DE8}") = "Basket", "Basket", "{FE9C3804-EEC1-4FA4-AA21-40F15B693081}"
EndProject
Project("{9A19103F-16F7-4668-BE54-9A1E7A4F7556}") = "Basket.API", "Services\Basket\Basket.API\Basket.API.csproj", "{8FBFCDFE-C0E7-425C-8A63-8FFC4DE09954}"
EndProject
Project("{2150E333-8FDC-42A3-9474-1A3956D46DE8}") = "Discount", "Discount", "{92D1DC4E-1FA0-4697-A5B9-2211CA7C41CD}"
EndProject
Project("{FAE04EC0-301F-11D3-BF4B-00C04F79EFBC}") = "Discount.API", "services\Discount\Discount.API\Discount.API.csproj", "{492462BF-3E1E-415E-B8C3-C858A0CDECCA}"
EndProject
Global
	GlobalSection(SolutionConfigurationPlatforms) = preSolution
		Debug|Any CPU = Debug|Any CPU
		Release|Any CPU = Release|Any CPU
	EndGlobalSection
	GlobalSection(ProjectConfigurationPlatforms) = postSolution
		{5E615378-61B8-4215-8D65-E455FE0C6882}.Debug|Any CPU.ActiveCfg = Debug|Any CPU
		{5E615378-61B8-4215-8D65-E455FE0C6882}.Debug|Any CPU.Build.0 = Debug|Any CPU
		{5E615378-61B8-4215-8D65-E455FE0C6882}.Release|Any CPU.ActiveCfg = Release|Any CPU
		{5E615378-61B8-4215-8D65-E455FE0C6882}.Release|Any CPU.Build.0 = Release|Any CPU
		{AE25BD7F-F179-476E-A6C5-076BF469703B}.Debug|Any CPU.ActiveCfg = Debug|Any CPU
		{AE25BD7F-F179-476E-A6C5-076BF469703B}.Debug|Any CPU.Build.0 = Debug|Any CPU
		{AE25BD7F-F179-476E-A6C5-076BF469703B}.Release|Any CPU.ActiveCfg = Release|Any CPU
		{AE25BD7F-F179-476E-A6C5-076BF469703B}.Release|Any CPU.Build.0 = Release|Any CPU
		{8FBFCDFE-C0E7-425C-8A63-8FFC4DE09954}.Debug|Any CPU.ActiveCfg = Debug|Any CPU
		{8FBFCDFE-C0E7-425C-8A63-8FFC4DE09954}.Debug|Any CPU.Build.0 = Debug|Any CPU
		{8FBFCDFE-C0E7-425C-8A63-8FFC4DE09954}.Release|Any CPU.ActiveCfg = Release|Any CPU
		{8FBFCDFE-C0E7-425C-8A63-8FFC4DE09954}.Release|Any CPU.Build.0 = Release|Any CPU
		{492462BF-3E1E-415E-B8C3-C858A0CDECCA}.Debug|Any CPU.ActiveCfg = Debug|Any CPU
		{492462BF-3E1E-415E-B8C3-C858A0CDECCA}.Debug|Any CPU.Build.0 = Debug|Any CPU
		{492462BF-3E1E-415E-B8C3-C858A0CDECCA}.Release|Any CPU.ActiveCfg = Release|Any CPU
		{492462BF-3E1E-415E-B8C3-C858A0CDECCA}.Release|Any CPU.Build.0 = Release|Any CPU
	EndGlobalSection
	GlobalSection(SolutionProperties) = preSolution
		HideSolutionNode = FALSE
	EndGlobalSection
	GlobalSection(NestedProjects) = preSolution
		{1BEC2DE8-FA90-448A-A18D-D1D31F118104} = {F3B6F20C-3D95-4A6C-AAA9-5D3061C24D47}
		{5E615378-61B8-4215-8D65-E455FE0C6882} = {1BEC2DE8-FA90-448A-A18D-D1D31F118104}
		{FE9C3804-EEC1-4FA4-AA21-40F15B693081} = {F3B6F20C-3D95-4A6C-AAA9-5D3061C24D47}
		{8FBFCDFE-C0E7-425C-8A63-8FFC4DE09954} = {FE9C3804-EEC1-4FA4-AA21-40F15B693081}
		{92D1DC4E-1FA0-4697-A5B9-2211CA7C41CD} = {F3B6F20C-3D95-4A6C-AAA9-5D3061C24D47}
		{492462BF-3E1E-415E-B8C3-C858A0CDECCA} = {92D1DC4E-1FA0-4697-A5B9-2211CA7C41CD}
	EndGlobalSection
	GlobalSection(ExtensibilityGlobals) = postSolution
		SolutionGuid = {07C13795-546E-46EF-846A-0FCD7D562DA4}
	EndGlobalSection
EndGlobal
